Microsoft Visual Studio Solution File, Format Version 12.00
# Visual Studio Version 17
VisualStudioVersion = 17.5.33627.172
MinimumVisualStudioVersion = 10.0.40219.1
Project("{D954291E-2A0B-460D-934E-DC6B0785DB48}") = "Monarch.Shared", "Monarch.Shared\Monarch.Shared.shproj", "{939574CB-250A-4CBA-96FF-4749D4E06AE9}"
EndProject
Project("{2150E333-8FDC-42A3-9474-1A3956D46DE8}") = "Solution Items", "Solution Items", "{E61BB756-5951-4CCE-AFF6-A83B0E0E9DB4}"
	ProjectSection(SolutionItems) = preProject
		.editorconfig = .editorconfig
	EndProjectSection
EndProject
Project("{9A19103F-16F7-4668-BE54-9A1E7A4F7556}") = "Monarch.ConsoleApplication", "Monarch.ConsoleApplication\Monarch.ConsoleApplication.csproj", "{33D2CF5A-E2E7-4777-B2EA-19F69EFD4414}"
EndProject
Project("{9A19103F-16F7-4668-BE54-9A1E7A4F7556}") = "Monarch.Engine", "Monarch.Engine\Monarch.Engine.csproj", "{50D6F00C-C435-40A0-8D5E-A0916A209F40}"
EndProject
Project("{9A19103F-16F7-4668-BE54-9A1E7A4F7556}") = "Monarch.WindowsApp", "Monarch.WindowsApp\Monarch.WindowsApp.csproj", "{25DB00C7-535E-46B0-BBE1-F9241295EDD9}"
EndProject
Global
	GlobalSection(SolutionConfigurationPlatforms) = preSolution
		Debug|Any CPU = Debug|Any CPU
		Debug|x64 = Debug|x64
		Debug|x86 = Debug|x86
		Release|Any CPU = Release|Any CPU
		Release|x64 = Release|x64
		Release|x86 = Release|x86
	EndGlobalSection
	GlobalSection(ProjectConfigurationPlatforms) = postSolution
		{939574CB-250A-4CBA-96FF-4749D4E06AE9}.Debug|Any CPU.ActiveCfg = Debug|Any CPU
		{939574CB-250A-4CBA-96FF-4749D4E06AE9}.Debug|x64.ActiveCfg = Debug|Any CPU
		{939574CB-250A-4CBA-96FF-4749D4E06AE9}.Debug|x86.ActiveCfg = Debug|Any CPU
		{939574CB-250A-4CBA-96FF-4749D4E06AE9}.Release|Any CPU.ActiveCfg = Release|Any CPU
		{939574CB-250A-4CBA-96FF-4749D4E06AE9}.Release|x64.ActiveCfg = Release|Any CPU
		{939574CB-250A-4CBA-96FF-4749D4E06AE9}.Release|x86.ActiveCfg = Release|Any CPU
		{33D2CF5A-E2E7-4777-B2EA-19F69EFD4414}.Debug|Any CPU.ActiveCfg = Debug|Any CPU
		{33D2CF5A-E2E7-4777-B2EA-19F69EFD4414}.Debug|Any CPU.Build.0 = Debug|Any CPU
		{33D2CF5A-E2E7-4777-B2EA-19F69EFD4414}.Debug|x64.ActiveCfg = Debug|Any CPU
		{33D2CF5A-E2E7-4777-B2EA-19F69EFD4414}.Debug|x64.Build.0 = Debug|Any CPU
		{33D2CF5A-E2E7-4777-B2EA-19F69EFD4414}.Debug|x86.ActiveCfg = Debug|Any CPU
		{33D2CF5A-E2E7-4777-B2EA-19F69EFD4414}.Debug|x86.Build.0 = Debug|Any CPU
		{33D2CF5A-E2E7-4777-B2EA-19F69EFD4414}.Release|Any CPU.ActiveCfg = Release|Any CPU
		{33D2CF5A-E2E7-4777-B2EA-19F69EFD4414}.Release|Any CPU.Build.0 = Release|Any CPU
		{33D2CF5A-E2E7-4777-B2EA-19F69EFD4414}.Release|x64.ActiveCfg = Release|Any CPU
		{33D2CF5A-E2E7-4777-B2EA-19F69EFD4414}.Release|x64.Build.0 = Release|Any CPU
		{33D2CF5A-E2E7-4777-B2EA-19F69EFD4414}.Release|x86.ActiveCfg = Release|Any CPU
		{33D2CF5A-E2E7-4777-B2EA-19F69EFD4414}.Release|x86.Build.0 = Release|Any CPU
		{50D6F00C-C435-40A0-8D5E-A0916A209F40}.Debug|Any CPU.ActiveCfg = Debug|Any CPU
		{50D6F00C-C435-40A0-8D5E-A0916A209F40}.Debug|Any CPU.Build.0 = Debug|Any CPU
		{50D6F00C-C435-40A0-8D5E-A0916A209F40}.Debug|x64.ActiveCfg = Debug|Any CPU
		{50D6F00C-C435-40A0-8D5E-A0916A209F40}.Debug|x64.Build.0 = Debug|Any CPU
		{50D6F00C-C435-40A0-8D5E-A0916A209F40}.Debug|x86.ActiveCfg = Debug|Any CPU
		{50D6F00C-C435-40A0-8D5E-A0916A209F40}.Debug|x86.Build.0 = Debug|Any CPU
		{50D6F00C-C435-40A0-8D5E-A0916A209F40}.Release|Any CPU.ActiveCfg = Release|Any CPU
		{50D6F00C-C435-40A0-8D5E-A0916A209F40}.Release|Any CPU.Build.0 = Release|Any CPU
		{50D6F00C-C435-40A0-8D5E-A0916A209F40}.Release|x64.ActiveCfg = Release|Any CPU
		{50D6F00C-C435-40A0-8D5E-A0916A209F40}.Release|x64.Build.0 = Release|Any CPU
		{50D6F00C-C435-40A0-8D5E-A0916A209F40}.Release|x86.ActiveCfg = Release|Any CPU
		{50D6F00C-C435-40A0-8D5E-A0916A209F40}.Release|x86.Build.0 = Release|Any CPU
		{25DB00C7-535E-46B0-BBE1-F9241295EDD9}.Debug|Any CPU.ActiveCfg = Debug|Any CPU
		{25DB00C7-535E-46B0-BBE1-F9241295EDD9}.Debug|Any CPU.Build.0 = Debug|Any CPU
		{25DB00C7-535E-46B0-BBE1-F9241295EDD9}.Debug|x64.ActiveCfg = Debug|Any CPU
		{25DB00C7-535E-46B0-BBE1-F9241295EDD9}.Debug|x64.Build.0 = Debug|Any CPU
		{25DB00C7-535E-46B0-BBE1-F9241295EDD9}.Debug|x86.ActiveCfg = Debug|Any CPU
		{25DB00C7-535E-46B0-BBE1-F9241295EDD9}.Debug|x86.Build.0 = Debug|Any CPU
		{25DB00C7-535E-46B0-BBE1-F9241295EDD9}.Release|Any CPU.ActiveCfg = Release|Any CPU
		{25DB00C7-535E-46B0-BBE1-F9241295EDD9}.Release|Any CPU.Build.0 = Release|Any CPU
		{25DB00C7-535E-46B0-BBE1-F9241295EDD9}.Release|x64.ActiveCfg = Release|Any CPU
		{25DB00C7-535E-46B0-BBE1-F9241295EDD9}.Release|x64.Build.0 = Release|Any CPU
		{25DB00C7-535E-46B0-BBE1-F9241295EDD9}.Release|x86.ActiveCfg = Release|Any CPU
		{25DB00C7-535E-46B0-BBE1-F9241295EDD9}.Release|x86.Build.0 = Release|Any CPU
	EndGlobalSection
	GlobalSection(SolutionProperties) = preSolution
		HideSolutionNode = FALSE
	EndGlobalSection
	GlobalSection(ExtensibilityGlobals) = postSolution
		SolutionGuid = {67B35027-3AC8-4AB5-981C-801F09DEDB90}
	EndGlobalSection
	GlobalSection(SharedMSBuildProjectFiles) = preSolution
		Monarch.Shared\Monarch.Shared.projitems*{33d2cf5a-e2e7-4777-b2ea-19f69efd4414}*SharedItemsImports = 5
		Monarch.Shared\Monarch.Shared.projitems*{939574cb-250a-4cba-96ff-4749d4e06ae9}*SharedItemsImports = 13
	EndGlobalSection
EndGlobal
